
Microsoft Visual Studio Solution File, Format Version 12.00
# Visual Studio Version 17
VisualStudioVersion = 17.14.36429.23
MinimumVisualStudioVersion = 10.0.40219.1
Project("{8BC9CEB8-8B4A-11D0-8D11-00A0C91BC942}") = "intelligent-systems", "intelligent-systems\intelligent-systems.vcxproj", "{A03142D2-BC98-4EC2-978E-3C49105B3720}"
EndProject
Project("{FAE04EC0-301F-11D3-BF4B-00C04F79EFBC}") = "NeuralNetwork1", "NeuralNetwork1\NeuralNetwork1.csproj", "{C2BDFDA7-073D-4C75-A270-AA47932D4F0D}"
EndProject
Global
	GlobalSection(SolutionConfigurationPlatforms) = preSolution
		Debug|Any CPU = Debug|Any CPU
		Debug|x64 = Debug|x64
		Debug|x86 = Debug|x86
		Release|Any CPU = Release|Any CPU
		Release|x64 = Release|x64
		Release|x86 = Release|x86
	EndGlobalSection
	GlobalSection(ProjectConfigurationPlatforms) = postSolution
		{A03142D2-BC98-4EC2-978E-3C49105B3720}.Debug|Any CPU.ActiveCfg = Debug|x64
		{A03142D2-BC98-4EC2-978E-3C49105B3720}.Debug|Any CPU.Build.0 = Debug|x64
		{A03142D2-BC98-4EC2-978E-3C49105B3720}.Debug|x64.ActiveCfg = Debug|x64
		{A03142D2-BC98-4EC2-978E-3C49105B3720}.Debug|x64.Build.0 = Debug|x64
		{A03142D2-BC98-4EC2-978E-3C49105B3720}.Debug|x86.ActiveCfg = Debug|Win32
		{A03142D2-BC98-4EC2-978E-3C49105B3720}.Debug|x86.Build.0 = Debug|Win32
		{A03142D2-BC98-4EC2-978E-3C49105B3720}.Release|Any CPU.ActiveCfg = Release|x64
		{A03142D2-BC98-4EC2-978E-3C49105B3720}.Release|Any CPU.Build.0 = Release|x64
		{A03142D2-BC98-4EC2-978E-3C49105B3720}.Release|x64.ActiveCfg = Release|x64
		{A03142D2-BC98-4EC2-978E-3C49105B3720}.Release|x64.Build.0 = Release|x64
		{A03142D2-BC98-4EC2-978E-3C49105B3720}.Release|x86.ActiveCfg = Release|Win32
		{A03142D2-BC98-4EC2-978E-3C49105B3720}.Release|x86.Build.0 = Release|Win32
		{C2BDFDA7-073D-4C75-A270-AA47932D4F0D}.Debug|Any CPU.ActiveCfg = Debug|Any CPU
		{C2BDFDA7-073D-4C75-A270-AA47932D4F0D}.Debug|Any CPU.Build.0 = Debug|Any CPU
		{C2BDFDA7-073D-4C75-A270-AA47932D4F0D}.Debug|x64.ActiveCfg = Debug|Any CPU
		{C2BDFDA7-073D-4C75-A270-AA47932D4F0D}.Debug|x64.Build.0 = Debug|Any CPU
		{C2BDFDA7-073D-4C75-A270-AA47932D4F0D}.Debug|x86.ActiveCfg = Debug|Any CPU
		{C2BDFDA7-073D-4C75-A270-AA47932D4F0D}.Debug|x86.Build.0 = Debug|Any CPU
		{C2BDFDA7-073D-4C75-A270-AA47932D4F0D}.Release|Any CPU.ActiveCfg = Release|Any CPU
		{C2BDFDA7-073D-4C75-A270-AA47932D4F0D}.Release|Any CPU.Build.0 = Release|Any CPU
		{C2BDFDA7-073D-4C75-A270-AA47932D4F0D}.Release|x64.ActiveCfg = Release|Any CPU
		{C2BDFDA7-073D-4C75-A270-AA47932D4F0D}.Release|x64.Build.0 = Release|Any CPU
		{C2BDFDA7-073D-4C75-A270-AA47932D4F0D}.Release|x86.ActiveCfg = Release|Any CPU
		{C2BDFDA7-073D-4C75-A270-AA47932D4F0D}.Release|x86.Build.0 = Release|Any CPU
	EndGlobalSection
	GlobalSection(SolutionProperties) = preSolution
		HideSolutionNode = FALSE
	EndGlobalSection
	GlobalSection(ExtensibilityGlobals) = postSolution
		SolutionGuid = {DB6D9FF2-2815-432A-B96F-17493BD853A6}
	EndGlobalSection
EndGlobal
