
Microsoft Visual Studio Solution File, Format Version 12.00
# Visual Studio Version 17
VisualStudioVersion = 17.14.36429.23 d17.14
MinimumVisualStudioVersion = 10.0.40219.1
Project("{8BC9CEB8-8B4A-11D0-8D11-00A0C91BC942}") = "intelligent-systems", "intelligent-systems\intelligent-systems.vcxproj", "{A03142D2-BC98-4EC2-978E-3C49105B3720}"
EndProject
Global
	GlobalSection(SolutionConfigurationPlatforms) = preSolution
		Debug|x64 = Debug|x64
		Debug|x86 = Debug|x86
		Release|x64 = Release|x64
		Release|x86 = Release|x86
	EndGlobalSection
	GlobalSection(ProjectConfigurationPlatforms) = postSolution
		{A03142D2-BC98-4EC2-978E-3C49105B3720}.Debug|x64.ActiveCfg = Debug|x64
		{A03142D2-BC98-4EC2-978E-3C49105B3720}.Debug|x64.Build.0 = Debug|x64
		{A03142D2-BC98-4EC2-978E-3C49105B3720}.Debug|x86.ActiveCfg = Debug|Win32
		{A03142D2-BC98-4EC2-978E-3C49105B3720}.Debug|x86.Build.0 = Debug|Win32
		{A03142D2-BC98-4EC2-978E-3C49105B3720}.Release|x64.ActiveCfg = Release|x64
		{A03142D2-BC98-4EC2-978E-3C49105B3720}.Release|x64.Build.0 = Release|x64
		{A03142D2-BC98-4EC2-978E-3C49105B3720}.Release|x86.ActiveCfg = Release|Win32
		{A03142D2-BC98-4EC2-978E-3C49105B3720}.Release|x86.Build.0 = Release|Win32
	EndGlobalSection
	GlobalSection(SolutionProperties) = preSolution
		HideSolutionNode = FALSE
	EndGlobalSection
	GlobalSection(ExtensibilityGlobals) = postSolution
		SolutionGuid = {DB6D9FF2-2815-432A-B96F-17493BD853A6}
	EndGlobalSection
EndGlobal
